
Microsoft Visual Studio Solution File, Format Version 12.00
# Visual Studio Version 16
VisualStudioVersion = 16.0.32002.261
MinimumVisualStudioVersion = 10.0.40219.1
Project("{9A19103F-16F7-4668-BE54-9A1E7A4F7556}") = "ProjectManagementSystem.Server", "Server\ProjectManagementSystem.Server.csproj", "{C977092E-EB7D-43A7-AC19-2E47E612D11F}"
EndProject
Project("{9A19103F-16F7-4668-BE54-9A1E7A4F7556}") = "ProjectManagementSystem.Client", "Client\ProjectManagementSystem.Client.csproj", "{CA916298-B8F0-46BD-956D-597190075F71}"
EndProject
Project("{9A19103F-16F7-4668-BE54-9A1E7A4F7556}") = "ProjectManagementSystem.Shared", "Shared\ProjectManagementSystem.Shared.csproj", "{3461F707-6685-4FBD-A079-9921757FB2E4}"
EndProject
Global
	GlobalSection(SolutionConfigurationPlatforms) = preSolution
		Debug|Any CPU = Debug|Any CPU
		Release|Any CPU = Release|Any CPU
	EndGlobalSection
	GlobalSection(ProjectConfigurationPlatforms) = postSolution
		{C977092E-EB7D-43A7-AC19-2E47E612D11F}.Debug|Any CPU.ActiveCfg = Debug|Any CPU
		{C977092E-EB7D-43A7-AC19-2E47E612D11F}.Debug|Any CPU.Build.0 = Debug|Any CPU
		{C977092E-EB7D-43A7-AC19-2E47E612D11F}.Release|Any CPU.ActiveCfg = Release|Any CPU
		{C977092E-EB7D-43A7-AC19-2E47E612D11F}.Release|Any CPU.Build.0 = Release|Any CPU
		{CA916298-B8F0-46BD-956D-597190075F71}.Debug|Any CPU.ActiveCfg = Debug|Any CPU
		{CA916298-B8F0-46BD-956D-597190075F71}.Debug|Any CPU.Build.0 = Debug|Any CPU
		{CA916298-B8F0-46BD-956D-597190075F71}.Release|Any CPU.ActiveCfg = Release|Any CPU
		{CA916298-B8F0-46BD-956D-597190075F71}.Release|Any CPU.Build.0 = Release|Any CPU
		{3461F707-6685-4FBD-A079-9921757FB2E4}.Debug|Any CPU.ActiveCfg = Debug|Any CPU
		{3461F707-6685-4FBD-A079-9921757FB2E4}.Debug|Any CPU.Build.0 = Debug|Any CPU
		{3461F707-6685-4FBD-A079-9921757FB2E4}.Release|Any CPU.ActiveCfg = Release|Any CPU
		{3461F707-6685-4FBD-A079-9921757FB2E4}.Release|Any CPU.Build.0 = Release|Any CPU
	EndGlobalSection
	GlobalSection(SolutionProperties) = preSolution
		HideSolutionNode = FALSE
	EndGlobalSection
	GlobalSection(ExtensibilityGlobals) = postSolution
		SolutionGuid = {860EEB26-1ABB-47BC-A4F0-A93716C5AF76}
	EndGlobalSection
EndGlobal
